
Microsoft Visual Studio Solution File, Format Version 12.00
# Visual Studio 15
VisualStudioVersion = 15.0.28307.1169
MinimumVisualStudioVersion = 10.0.40219.1
Project("{FAE04EC0-301F-11D3-BF4B-00C04F79EFBC}") = "pheptinh", "pheptinh\pheptinh.csproj", "{7CA6ED12-938F-4EF1-B4D8-A5CEF3A598B9}"
EndProject
Global
	GlobalSection(SolutionConfigurationPlatforms) = preSolution
		Debug|Any CPU = Debug|Any CPU
		Release|Any CPU = Release|Any CPU
	EndGlobalSection
	GlobalSection(ProjectConfigurationPlatforms) = postSolution
		{7CA6ED12-938F-4EF1-B4D8-A5CEF3A598B9}.Debug|Any CPU.ActiveCfg = Debug|Any CPU
		{7CA6ED12-938F-4EF1-B4D8-A5CEF3A598B9}.Debug|Any CPU.Build.0 = Debug|Any CPU
		{7CA6ED12-938F-4EF1-B4D8-A5CEF3A598B9}.Release|Any CPU.ActiveCfg = Release|Any CPU
		{7CA6ED12-938F-4EF1-B4D8-A5CEF3A598B9}.Release|Any CPU.Build.0 = Release|Any CPU
	EndGlobalSection
	GlobalSection(SolutionProperties) = preSolution
		HideSolutionNode = FALSE
	EndGlobalSection
	GlobalSection(ExtensibilityGlobals) = postSolution
		SolutionGuid = {45A7F899-B007-49B5-A4C0-AA4B519DAA6D}
	EndGlobalSection
EndGlobal
